
Microsoft Visual Studio Solution File, Format Version 12.00
# Visual Studio Version 17
VisualStudioVersion = 17.1.32210.238
MinimumVisualStudioVersion = 10.0.40219.1
Project("{FAE04EC0-301F-11D3-BF4B-00C04F79EFBC}") = "taxi", "taxi\taxi.csproj", "{43E1C47A-B271-4B1A-AAF5-E87669DC5D36}"
EndProject
Global
	GlobalSection(SolutionConfigurationPlatforms) = preSolution
		Debug|Any CPU = Debug|Any CPU
		Release|Any CPU = Release|Any CPU
	EndGlobalSection
	GlobalSection(ProjectConfigurationPlatforms) = postSolution
		{43E1C47A-B271-4B1A-AAF5-E87669DC5D36}.Debug|Any CPU.ActiveCfg = Debug|Any CPU
		{43E1C47A-B271-4B1A-AAF5-E87669DC5D36}.Debug|Any CPU.Build.0 = Debug|Any CPU
		{43E1C47A-B271-4B1A-AAF5-E87669DC5D36}.Release|Any CPU.ActiveCfg = Release|Any CPU
		{43E1C47A-B271-4B1A-AAF5-E87669DC5D36}.Release|Any CPU.Build.0 = Release|Any CPU
	EndGlobalSection
	GlobalSection(SolutionProperties) = preSolution
		HideSolutionNode = FALSE
	EndGlobalSection
	GlobalSection(ExtensibilityGlobals) = postSolution
		SolutionGuid = {A35815CB-FEDA-45DA-B1AC-A80CC5D8F7EC}
	EndGlobalSection
EndGlobal
